{
    "_meta": {
        "hash": {
            "sha256": "8cb72e92732be6331e660ed5dda6cacf603df4085afc3c50e85e0002fae9803d"
        },
        "pipfile-spec": 6,
        "requires": {
            "python_version": "3.10"
        },
        "sources": [
            {
                "name": "pypi",
                "url": "https://pypi.org/simple",
                "verify_ssl": true
            }
        ]
    },
    "default": {
        "attrs": {
            "hashes": [
                "sha256:149e90d6d8ac20db7a955ad60cf0e6881a3f20d37096140088356da6c716b0b1",
                "sha256:ef6aaac3ca6cd92904cdd0d83f629a15f18053ec84e6432106f7a4d04ae4f5fb"
            ],
            "markers": "python_version >= '2.7' and python_version not in '3.0, 3.1, 3.2, 3.3, 3.4'",
            "version": "==21.2.0"
        },
        "colorama": {
            "hashes": [
                "sha256:5941b2b48a20143d2267e95b1c2a7603ce057ee39fd88e7329b0c292aa16869b",
                "sha256:9f47eda37229f68eee03b24b9748937c7dc3868f906e8ba69fbcbdd3bc5dc3e2"
            ],
            "markers": "python_version >= '2.7' and python_version not in '3.0, 3.1, 3.2, 3.3, 3.4'",
            "version": "==0.4.4"
        },
        "docopt": {
            "hashes": [
                "sha256:49b3a825280bd66b3aa83585ef59c4a8c82f2c8a522dbe754a8bc8d08c85c491"
            ],
            "version": "==0.6.2"
        },
        "flake8": {
            "hashes": [
                "sha256:07528381786f2a6237b061f6e96610a4167b226cb926e2aa2b6b1d78057c576b",
                "sha256:bf8fd333346d844f616e8d47905ef3a3384edae6b4e9beb0c5101e25e3110907"
            ],
            "index": "pypi",
            "version": "==3.9.2"
        },
        "flake8-isort": {
            "hashes": [
                "sha256:2b91300f4f1926b396c2c90185844eb1a3d5ec39ea6138832d119da0a208f4d9",
                "sha256:729cd6ef9ba3659512dee337687c05d79c78e1215fdf921ed67e5fe46cce2f3c"
            ],
            "index": "pypi",
            "version": "==4.0.0"
        },
        "iniconfig": {
            "hashes": [
                "sha256:011e24c64b7f47f6ebd835bb12a743f2fbe9a26d4cecaa7f53bc4f35ee9da8b3",
                "sha256:bc3af051d7d14b2ee5ef9969666def0cd1a000e121eaea580d4a313df4b37f32"
            ],
            "version": "==1.1.1"
        },
        "isort": {
            "hashes": [
                "sha256:dcab1d98b469a12a1a624ead220584391648790275560e1a43e54c5dceae65e7",
                "sha256:dcaeec1b5f0eca77faea2a35ab790b4f3680ff75590bfcb7145986905aab2f58"
            ],
            "index": "pypi",
            "version": "==5.6.4"
        },
        "mccabe": {
            "hashes": [
                "sha256:ab8a6258860da4b6677da4bd2fe5dc2c659cff31b3ee4f7f5d64e79735b80d42",
                "sha256:dd8d182285a0fe56bace7f45b5e7d1a6ebcbf524e8f3bd87eb0f125271b8831f"
            ],
            "version": "==0.6.1"
        },
        "mypy": {
            "hashes": [
                "sha256:088cd9c7904b4ad80bec811053272986611b84221835e079be5bcad029e79dd9",
                "sha256:0aadfb2d3935988ec3815952e44058a3100499f5be5b28c34ac9d79f002a4a9a",
                "sha256:119bed3832d961f3a880787bf621634ba042cb8dc850a7429f643508eeac97b9",
                "sha256:1a85e280d4d217150ce8cb1a6dddffd14e753a4e0c3cf90baabb32cefa41b59e",
                "sha256:3c4b8ca36877fc75339253721f69603a9c7fdb5d4d5a95a1a1b899d8b86a4de2",
                "sha256:3e382b29f8e0ccf19a2df2b29a167591245df90c0b5a2542249873b5c1d78212",
                "sha256:42c266ced41b65ed40a282c575705325fa7991af370036d3f134518336636f5b",
                "sha256:53fd2eb27a8ee2892614370896956af2ff61254c275aaee4c230ae771cadd885",
                "sha256:704098302473cb31a218f1775a873b376b30b4c18229421e9e9dc8916fd16150",
                "sha256:7df1ead20c81371ccd6091fa3e2878559b5c4d4caadaf1a484cf88d93ca06703",
                "sha256:866c41f28cee548475f146aa4d39a51cf3b6a84246969f3759cb3e9c742fc072",
                "sha256:a155d80ea6cee511a3694b108c4494a39f42de11ee4e61e72bc424c490e46457",
                "sha256:adaeee09bfde366d2c13fe6093a7df5df83c9a2ba98638c7d76b010694db760e",
                "sha256:b6fb13123aeef4a3abbcfd7e71773ff3ff1526a7d3dc538f3929a49b42be03f0",
                "sha256:b94e4b785e304a04ea0828759172a15add27088520dc7e49ceade7834275bedb",
                "sha256:c0df2d30ed496a08de5daed2a9ea807d07c21ae0ab23acf541ab88c24b26ab97",
                "sha256:c6c2602dffb74867498f86e6129fd52a2770c48b7cd3ece77ada4fa38f94eba8",
                "sha256:ceb6e0a6e27fb364fb3853389607cf7eb3a126ad335790fa1e14ed02fba50811",
                "sha256:d9dd839eb0dc1bbe866a288ba3c1afc33a202015d2ad83b31e875b5905a079b6",
                "sha256:e4dab234478e3bd3ce83bac4193b2ecd9cf94e720ddd95ce69840273bf44f6de",
                "sha256:ec4e0cd079db280b6bdabdc807047ff3e199f334050db5cbb91ba3e959a67504",
                "sha256:ecd2c3fe726758037234c93df7e98deb257fd15c24c9180dacf1ef829da5f921",
                "sha256:ef565033fa5a958e62796867b1df10c40263ea9ded87164d67572834e57a174d"
            ],
            "index": "pypi",
            "version": "==0.910"
        },
        "mypy-extensions": {
            "hashes": [
                "sha256:090fedd75945a69ae91ce1303b5824f428daf5a028d2f6ab8a299250a846f15d",
                "sha256:2d82818f5bb3e369420cb3c4060a7970edba416647068eb4c5343488a6c604a8"
            ],
            "version": "==0.4.3"
        },
        "packaging": {
            "hashes": [
                "sha256:dd47c42927d89ab911e606518907cc2d3a1f38bbd026385970643f9c5b8ecfeb",
                "sha256:ef103e05f519cdc783ae24ea4e2e0f508a9c99b2d4969652eed6a2e1ea5bd522"
            ],
            "markers": "python_version >= '3.6'",
            "version": "==21.3"
        },
        "pluggy": {
            "hashes": [
                "sha256:4224373bacce55f955a878bf9cfa763c1e360858e330072059e10bad68531159",
                "sha256:74134bbf457f031a36d68416e1509f34bd5ccc019f0bcc952c7b909d06b37bd3"
            ],
            "markers": "python_version >= '3.6'",
            "version": "==1.0.0"
        },
        "py": {
            "hashes": [
                "sha256:51c75c4126074b472f746a24399ad32f6053d1b34b68d2fa41e558e6f4a98719",
                "sha256:607c53218732647dff4acdfcd50cb62615cedf612e72d1724fb1a0cc6405b378"
            ],
            "markers": "python_version >= '2.7' and python_version not in '3.0, 3.1, 3.2, 3.3, 3.4'",
            "version": "==1.11.0"
        },
        "pycodestyle": {
            "hashes": [
                "sha256:514f76d918fcc0b55c6680472f0a37970994e07bbb80725808c17089be302068",
                "sha256:c389c1d06bf7904078ca03399a4816f974a1d590090fecea0c63ec26ebaf1cef"
            ],
            "markers": "python_version >= '2.7' and python_version not in '3.0, 3.1, 3.2, 3.3'",
            "version": "==2.7.0"
        },
        "pyflakes": {
            "hashes": [
                "sha256:7893783d01b8a89811dd72d7dfd4d84ff098e5eed95cfa8905b22bbffe52efc3",
                "sha256:f5bc8ecabc05bb9d291eb5203d6810b49040f6ff446a756326104746cc00c1db"
            ],
            "markers": "python_version >= '2.7' and python_version not in '3.0, 3.1, 3.2, 3.3'",
            "version": "==2.3.1"
        },
        "pyparsing": {
            "hashes": [
                "sha256:04ff808a5b90911829c55c4e26f75fa5ca8a2f5f36aa3a51f68e27033341d3e4",
                "sha256:d9bdec0013ef1eb5a84ab39a3b3868911598afa494f5faa038647101504e2b81"
            ],
            "markers": "python_version >= '3.6'",
            "version": "==3.0.6"
        },
        "pytest": {
            "hashes": [
                "sha256:131b36680866a76e6781d13f101efb86cf674ebb9762eb70d3082b6f29889e89",
                "sha256:7310f8d27bc79ced999e760ca304d69f6ba6c6649c0b60fb0e04a4a77cacc134"
            ],
            "index": "pypi",
            "version": "==6.2.5"
        },
        "pytest-watch": {
            "hashes": [
                "sha256:06136f03d5b361718b8d0d234042f7b2f203910d8568f63df2f866b547b3d4b9"
            ],
            "index": "pypi",
            "version": "==4.2.0"
        },
        "testfixtures": {
            "hashes": [
                "sha256:2600100ae96ffd082334b378e355550fef8b4a529a6fa4c34f47130905c7426d",
                "sha256:6ddb7f56a123e1a9339f130a200359092bd0a6455e31838d6c477e8729bb7763"
            ],
            "version": "==6.18.3"
        },
        "toml": {
            "hashes": [
                "sha256:806143ae5bfb6a3c6e736a764057db0e6a0e05e338b5630894a5f779cabb4f9b",
                "sha256:b3bda1d108d5dd99f4a20d24d9c348e91c4db7ab1b749200bded2f839ccbe68f"
            ],
            "markers": "python_version >= '2.6' and python_version not in '3.0, 3.1, 3.2, 3.3'",
            "version": "==0.10.2"
        },
        "typing-extensions": {
            "hashes": [
                "sha256:4ca091dea149f945ec56afb48dae714f21e8692ef22a395223bcd328961b6a0e",
                "sha256:7f001e5ac290a0c0401508864c7ec868be4e701886d5b573a9528ed3973d9d3b"
            ],
            "markers": "python_version >= '3.6'",
            "version": "==4.0.1"
        },
        "watchdog": {
            "hashes": [
                "sha256:25fb5240b195d17de949588628fdf93032ebf163524ef08933db0ea1f99bd685",
                "sha256:3386b367e950a11b0568062b70cc026c6f645428a698d33d39e013aaeda4cc04",
                "sha256:3becdb380d8916c873ad512f1701f8a92ce79ec6978ffde92919fd18d41da7fb",
                "sha256:4ae38bf8ba6f39d5b83f78661273216e7db5b00f08be7592062cb1fc8b8ba542",
                "sha256:8047da932432aa32c515ec1447ea79ce578d0559362ca3605f8e9568f844e3c6",
                "sha256:8f1c00aa35f504197561060ca4c21d3cc079ba29cf6dd2fe61024c70160c990b",
                "sha256:922a69fa533cb0c793b483becaaa0845f655151e7256ec73630a1b2e9ebcb660",
                "sha256:9693f35162dc6208d10b10ddf0458cc09ad70c30ba689d9206e02cd836ce28a3",
                "sha256:a0f1c7edf116a12f7245be06120b1852275f9506a7d90227648b250755a03923",
                "sha256:a36e75df6c767cbf46f61a91c70b3ba71811dfa0aca4a324d9407a06a8b7a2e7",
                "sha256:aba5c812f8ee8a3ff3be51887ca2d55fb8e268439ed44110d3846e4229eb0e8b",
                "sha256:ad6f1796e37db2223d2a3f302f586f74c72c630b48a9872c1e7ae8e92e0ab669",
                "sha256:ae67501c95606072aafa865b6ed47343ac6484472a2f95490ba151f6347acfc2",
                "sha256:b2fcf9402fde2672545b139694284dc3b665fd1be660d73eca6805197ef776a3",
                "sha256:b52b88021b9541a60531142b0a451baca08d28b74a723d0c99b13c8c8d48d604",
                "sha256:b7d336912853d7b77f9b2c24eeed6a5065d0a0cc0d3b6a5a45ad6d1d05fb8cd8",
                "sha256:bd9ba4f332cf57b2c1f698be0728c020399ef3040577cde2939f2e045b39c1e5",
                "sha256:be9be735f827820a06340dff2ddea1fb7234561fa5e6300a62fe7f54d40546a0",
                "sha256:cca7741c0fcc765568350cb139e92b7f9f3c9a08c4f32591d18ab0a6ac9e71b6",
                "sha256:d0d19fb2441947b58fbf91336638c2b9f4cc98e05e1045404d7a4cb7cddc7a65",
                "sha256:e02794ac791662a5eafc6ffeaf9bcc149035a0e48eb0a9d40a8feb4622605a3d",
                "sha256:e0f30db709c939cabf64a6dc5babb276e6d823fd84464ab916f9b9ba5623ca15",
                "sha256:e92c2d33858c8f560671b448205a268096e17870dcf60a9bb3ac7bfbafb7f5f9"
            ],
            "markers": "python_version >= '3.6'",
            "version": "==2.1.6"
        }
    },
    "develop": {}
}
